<?xml version="1.0" encoding="utf-8"?>
<Project ToolsVersion="4.0" xmlns="http://schemas.microsoft.com/developer/msbuild/2003">
  <ItemGroup>
    <Filter Include="ソース ファイル">
      <UniqueIdentifier>{13f83a4c-d6b4-4d57-a62d-b6933a2c9b98}</UniqueIdentifier>
    </Filter>
    <Filter Include="生成されたファイル">
      <UniqueIdentifier>{c4ba6b56-c62e-4b76-8856-d48d030cf7d3}</UniqueIdentifier>
      <SourceControlFiles>False</SourceControlFiles>
    </Filter>
  </ItemGroup>
  <ItemGroup>
    <None Include="SampleConnectDeviceps.def" />
  </ItemGroup>
  <ItemGroup>
    <ClCompile Include="SampleConnectDevice_i.c">
      <Filter>生成されたファイル</Filter>
    </ClCompile>
    <ClCompile Include="SampleConnectDevice_p.c">
      <Filter>生成されたファイル</Filter>
    </ClCompile>
    <ClCompile Include="dlldata.c">
      <Filter>生成されたファイル</Filter>
    </ClCompile>
  </ItemGroup>
</Project>